
Microsoft Visual Studio Solution File, Format Version 12.00
# Visual Studio Version 16
VisualStudioVersion = 16.0.30621.155
MinimumVisualStudioVersion = 10.0.40219.1
Project("{FAE04EC0-301F-11D3-BF4B-00C04F79EFBC}") = "Assignment", "Assignment.csproj", "{6C8B20E9-A31F-4165-AB49-2CF8B932D002}"
EndProject
Global
	GlobalSection(SolutionConfigurationPlatforms) = preSolution
		Debug|Any CPU = Debug|Any CPU
		Release|Any CPU = Release|Any CPU
	EndGlobalSection
	GlobalSection(ProjectConfigurationPlatforms) = postSolution
		{6C8B20E9-A31F-4165-AB49-2CF8B932D002}.Debug|Any CPU.ActiveCfg = Debug|Any CPU
		{6C8B20E9-A31F-4165-AB49-2CF8B932D002}.Debug|Any CPU.Build.0 = Debug|Any CPU
		{6C8B20E9-A31F-4165-AB49-2CF8B932D002}.Release|Any CPU.ActiveCfg = Release|Any CPU
		{6C8B20E9-A31F-4165-AB49-2CF8B932D002}.Release|Any CPU.Build.0 = Release|Any CPU
	EndGlobalSection
	GlobalSection(SolutionProperties) = preSolution
		HideSolutionNode = FALSE
	EndGlobalSection
	GlobalSection(ExtensibilityGlobals) = postSolution
		SolutionGuid = {4E1ED326-2ACB-46C3-8313-70782BDC83E4}
	EndGlobalSection
EndGlobal
